
Microsoft Visual Studio Solution File, Format Version 12.00
# Visual Studio 15
Project("{FAE04EC0-301F-11D3-BF4B-00C04F79EFBC}") = "UnityEngine.UI", "UnityEngine.UI.csproj", "{845EE9BF-2D5D-2068-C4B1-30686AF1FEE6}"
EndProject
Project("{FAE04EC0-301F-11D3-BF4B-00C04F79EFBC}") = "Unity.VisualEffectGraph.Runtime", "Unity.VisualEffectGraph.Runtime.csproj", "{5E3274DF-CEB5-9AEA-610E-E0EC53F55D6A}"
EndProject
Project("{FAE04EC0-301F-11D3-BF4B-00C04F79EFBC}") = "Unity.RenderPipelines.Core.Runtime", "Unity.RenderPipelines.Core.Runtime.csproj", "{6A71A226-35A8-17E5-4B0E-BD287C815A74}"
EndProject
Project("{FAE04EC0-301F-11D3-BF4B-00C04F79EFBC}") = "UnityEngine.TestRunner", "UnityEngine.TestRunner.csproj", "{C528FEBB-288D-32E0-8863-A374F03569FD}"
EndProject
Project("{FAE04EC0-301F-11D3-BF4B-00C04F79EFBC}") = "Unity.InputSystem", "Unity.InputSystem.csproj", "{E643BBC7-18DF-3FCE-491E-1EF63BEA8961}"
EndProject
Project("{FAE04EC0-301F-11D3-BF4B-00C04F79EFBC}") = "Unity.RenderPipelines.HighDefinition.Runtime", "Unity.RenderPipelines.HighDefinition.Runtime.csproj", "{3D0B70A9-29DD-1B0C-2F58-B7A70FB6B90D}"
EndProject
Project("{FAE04EC0-301F-11D3-BF4B-00C04F79EFBC}") = "Unity.TextMeshPro", "Unity.TextMeshPro.csproj", "{CC7D08B9-280A-8D55-FB9B-B860D34CC830}"
EndProject
Project("{FAE04EC0-301F-11D3-BF4B-00C04F79EFBC}") = "Cinemachine", "Cinemachine.csproj", "{1AA8354E-0B35-6771-6847-770A0623B74F}"
EndProject
Project("{FAE04EC0-301F-11D3-BF4B-00C04F79EFBC}") = "Unity.Timeline", "Unity.Timeline.csproj", "{2031CB61-E7A5-8419-C841-47FD77EC67C5}"
EndProject
Project("{FAE04EC0-301F-11D3-BF4B-00C04F79EFBC}") = "Assembly-CSharp", "Assembly-CSharp.csproj", "{A513BC8D-6A7D-D6C5-EEBE-D27CF600D276}"
EndProject
Project("{FAE04EC0-301F-11D3-BF4B-00C04F79EFBC}") = "Unity.RenderPipelines.Core.ShaderLibrary", "Unity.RenderPipelines.Core.ShaderLibrary.csproj", "{C139C8C9-0CFC-8BC2-C72D-63C37F38A38E}"
EndProject
Project("{FAE04EC0-301F-11D3-BF4B-00C04F79EFBC}") = "Unity.RenderPipelines.ShaderGraph.ShaderGraphLibrary", "Unity.RenderPipelines.ShaderGraph.ShaderGraphLibrary.csproj", "{65504965-51F0-61B5-2CF8-01D2BAEA2790}"
EndProject
Project("{FAE04EC0-301F-11D3-BF4B-00C04F79EFBC}") = "Unity.RenderPipelines.HighDefinition.Config.Runtime", "Unity.RenderPipelines.HighDefinition.Config.Runtime.csproj", "{C91528DF-2CE9-B540-FAE9-7105CADF4F7A}"
EndProject
Project("{FAE04EC0-301F-11D3-BF4B-00C04F79EFBC}") = "Unity.PlasticSCM.Editor", "Unity.PlasticSCM.Editor.csproj", "{8A4B0F04-4966-B954-D64D-6FA0826E8901}"
EndProject
Project("{FAE04EC0-301F-11D3-BF4B-00C04F79EFBC}") = "Unity.RenderPipelines.HighDefinition.Editor", "Unity.RenderPipelines.HighDefinition.Editor.csproj", "{6DA9F3B2-6713-38A5-5108-EA4008A1FB3C}"
EndProject
Project("{FAE04EC0-301F-11D3-BF4B-00C04F79EFBC}") = "Unity.ShaderGraph.Editor", "Unity.ShaderGraph.Editor.csproj", "{7F8AA890-0192-6A8E-BE72-F5705E8D1F14}"
EndProject
Project("{FAE04EC0-301F-11D3-BF4B-00C04F79EFBC}") = "Unity.VisualEffectGraph.Editor", "Unity.VisualEffectGraph.Editor.csproj", "{29AF93C6-D5DD-FE3B-0F11-E353756FE9FB}"
EndProject
Project("{FAE04EC0-301F-11D3-BF4B-00C04F79EFBC}") = "Unity.VisualStudio.Editor", "Unity.VisualStudio.Editor.csproj", "{58B0CDDD-FB30-4CF1-F8FD-D4A4A540AB07}"
EndProject
Project("{FAE04EC0-301F-11D3-BF4B-00C04F79EFBC}") = "Unity.Timeline.Editor", "Unity.Timeline.Editor.csproj", "{A5A2E480-F463-FE80-10F4-FC692EE9C2E2}"
EndProject
Project("{FAE04EC0-301F-11D3-BF4B-00C04F79EFBC}") = "com.unity.cinemachine.editor", "com.unity.cinemachine.editor.csproj", "{5498F039-2ECA-7866-E8BD-94FA54776C9C}"
EndProject
Project("{FAE04EC0-301F-11D3-BF4B-00C04F79EFBC}") = "Unity.TextMeshPro.Editor", "Unity.TextMeshPro.Editor.csproj", "{4DDD15EE-5F87-BBB6-2F7B-CD078445F782}"
EndProject
Project("{FAE04EC0-301F-11D3-BF4B-00C04F79EFBC}") = "Unity.CollabProxy.Editor", "Unity.CollabProxy.Editor.csproj", "{824857F7-0015-5FD4-AAC2-C55E907C7F24}"
EndProject
Project("{FAE04EC0-301F-11D3-BF4B-00C04F79EFBC}") = "UnityEditor.TestRunner", "UnityEditor.TestRunner.csproj", "{4770FEB3-73F3-D310-4DCA-1F2D0A7D2C3A}"
EndProject
Project("{FAE04EC0-301F-11D3-BF4B-00C04F79EFBC}") = "Unity.Rider.Editor", "Unity.Rider.Editor.csproj", "{D1B1BAB2-AA63-C19D-0E89-99D240CDB0B3}"
EndProject
Project("{FAE04EC0-301F-11D3-BF4B-00C04F79EFBC}") = "Unity.Services.Core.Editor", "Unity.Services.Core.Editor.csproj", "{7BDA2BD8-616A-F7A1-E0F5-836013735456}"
EndProject
Project("{FAE04EC0-301F-11D3-BF4B-00C04F79EFBC}") = "Unity.RenderPipelines.Core.Editor", "Unity.RenderPipelines.Core.Editor.csproj", "{D0419AB9-1FFC-FF1B-D887-D3503353D3B3}"
EndProject
Project("{FAE04EC0-301F-11D3-BF4B-00C04F79EFBC}") = "Unity.Searcher.Editor", "Unity.Searcher.Editor.csproj", "{1617C160-F155-B9B4-F348-9A40934BF16E}"
EndProject
Project("{FAE04EC0-301F-11D3-BF4B-00C04F79EFBC}") = "Unity.VSCode.Editor", "Unity.VSCode.Editor.csproj", "{FCCC7628-9FD8-E2FE-6CEB-7807C7673D35}"
EndProject
Project("{FAE04EC0-301F-11D3-BF4B-00C04F79EFBC}") = "UnityEditor.UI", "UnityEditor.UI.csproj", "{1EE1190E-24C7-0804-308C-9D336EC3D0D3}"
EndProject
Project("{FAE04EC0-301F-11D3-BF4B-00C04F79EFBC}") = "Assembly-CSharp-Editor", "Assembly-CSharp-Editor.csproj", "{B728BA6F-BB4A-66B9-57A2-597CAD6A31B0}"
EndProject
Project("{FAE04EC0-301F-11D3-BF4B-00C04F79EFBC}") = "Unity.ShaderGraph.Utilities", "Unity.ShaderGraph.Utilities.csproj", "{01017303-DEAE-E42C-8E26-B5577DF6D024}"
EndProject
Project("{FAE04EC0-301F-11D3-BF4B-00C04F79EFBC}") = "UnityEngine.UI", "UnityEngine.UI.Player.csproj", "{B3BBBDEE-47DD-1555-63BD-AD1BA97040F3}"
EndProject
Project("{FAE04EC0-301F-11D3-BF4B-00C04F79EFBC}") = "Unity.VisualEffectGraph.Runtime", "Unity.VisualEffectGraph.Runtime.Player.csproj", "{A9AE1D17-8DC4-CBD7-FEA2-7D2962DFC117}"
EndProject
Project("{FAE04EC0-301F-11D3-BF4B-00C04F79EFBC}") = "Unity.RenderPipelines.Core.Runtime", "Unity.RenderPipelines.Core.Runtime.Player.csproj", "{869883E1-F22E-F1EC-A2D5-E5A510CBE62C}"
EndProject
Project("{FAE04EC0-301F-11D3-BF4B-00C04F79EFBC}") = "UnityEngine.TestRunner", "UnityEngine.TestRunner.Player.csproj", "{1967DBFB-295A-2776-F6CD-4F0FB9791205}"
EndProject
Project("{FAE04EC0-301F-11D3-BF4B-00C04F79EFBC}") = "Unity.InputSystem", "Unity.InputSystem.Player.csproj", "{2E7F8196-BE9C-D74D-ABB7-61CE1386B248}"
EndProject
Project("{FAE04EC0-301F-11D3-BF4B-00C04F79EFBC}") = "Unity.RenderPipelines.HighDefinition.Runtime", "Unity.RenderPipelines.HighDefinition.Runtime.Player.csproj", "{043D6158-5BCD-9A13-1DEA-1DE4FC299976}"
EndProject
Project("{FAE04EC0-301F-11D3-BF4B-00C04F79EFBC}") = "Unity.TextMeshPro", "Unity.TextMeshPro.Player.csproj", "{F448F585-1029-85C8-CC63-EF5007046CCC}"
EndProject
Project("{FAE04EC0-301F-11D3-BF4B-00C04F79EFBC}") = "Cinemachine", "Cinemachine.Player.csproj", "{CE6D1B6F-1922-0B99-10B9-BCC53CE97DEA}"
EndProject
Project("{FAE04EC0-301F-11D3-BF4B-00C04F79EFBC}") = "Unity.Timeline", "Unity.Timeline.Player.csproj", "{94EEF887-34DF-3806-4291-EA76F53EEBA8}"
EndProject
Project("{FAE04EC0-301F-11D3-BF4B-00C04F79EFBC}") = "Assembly-CSharp", "Assembly-CSharp.Player.csproj", "{3ACE2B90-C35B-5BFE-A40B-69B477AD26D7}"
EndProject
Project("{FAE04EC0-301F-11D3-BF4B-00C04F79EFBC}") = "Unity.RenderPipelines.Core.ShaderLibrary", "Unity.RenderPipelines.Core.ShaderLibrary.Player.csproj", "{EDB6660D-B9C7-A517-04B0-47261002BDA8}"
EndProject
Project("{FAE04EC0-301F-11D3-BF4B-00C04F79EFBC}") = "Unity.RenderPipelines.ShaderGraph.ShaderGraphLibrary", "Unity.RenderPipelines.ShaderGraph.ShaderGraphLibrary.Player.csproj", "{09A85EA6-122E-E60C-96C9-9DDF4BBCFC7F}"
EndProject
Project("{FAE04EC0-301F-11D3-BF4B-00C04F79EFBC}") = "Unity.RenderPipelines.HighDefinition.Config.Runtime", "Unity.RenderPipelines.HighDefinition.Config.Runtime.Player.csproj", "{6323163C-DAD5-7E4F-B1D5-FFC308C57AE6}"
EndProject
Global
	GlobalSection(SolutionConfigurationPlatforms) = preSolution
		Debug|Any CPU = Debug|Any CPU
		Release|Any CPU = Release|Any CPU
	EndGlobalSection
	GlobalSection(ProjectConfigurationPlatforms) = postSolution
		{845EE9BF-2D5D-2068-C4B1-30686AF1FEE6}.Debug|Any CPU.ActiveCfg = Debug|Any CPU
		{845EE9BF-2D5D-2068-C4B1-30686AF1FEE6}.Debug|Any CPU.Build.0 = Debug|Any CPU
		{845EE9BF-2D5D-2068-C4B1-30686AF1FEE6}.Release|Any CPU.ActiveCfg = Release|Any CPU
		{845EE9BF-2D5D-2068-C4B1-30686AF1FEE6}.Release|Any CPU.Build.0 = Release|Any CPU
		{5E3274DF-CEB5-9AEA-610E-E0EC53F55D6A}.Debug|Any CPU.ActiveCfg = Debug|Any CPU
		{5E3274DF-CEB5-9AEA-610E-E0EC53F55D6A}.Debug|Any CPU.Build.0 = Debug|Any CPU
		{5E3274DF-CEB5-9AEA-610E-E0EC53F55D6A}.Release|Any CPU.ActiveCfg = Release|Any CPU
		{5E3274DF-CEB5-9AEA-610E-E0EC53F55D6A}.Release|Any CPU.Build.0 = Release|Any CPU
		{6A71A226-35A8-17E5-4B0E-BD287C815A74}.Debug|Any CPU.ActiveCfg = Debug|Any CPU
		{6A71A226-35A8-17E5-4B0E-BD287C815A74}.Debug|Any CPU.Build.0 = Debug|Any CPU
		{6A71A226-35A8-17E5-4B0E-BD287C815A74}.Release|Any CPU.ActiveCfg = Release|Any CPU
		{6A71A226-35A8-17E5-4B0E-BD287C815A74}.Release|Any CPU.Build.0 = Release|Any CPU
		{C528FEBB-288D-32E0-8863-A374F03569FD}.Debug|Any CPU.ActiveCfg = Debug|Any CPU
		{C528FEBB-288D-32E0-8863-A374F03569FD}.Debug|Any CPU.Build.0 = Debug|Any CPU
		{C528FEBB-288D-32E0-8863-A374F03569FD}.Release|Any CPU.ActiveCfg = Release|Any CPU
		{C528FEBB-288D-32E0-8863-A374F03569FD}.Release|Any CPU.Build.0 = Release|Any CPU
		{E643BBC7-18DF-3FCE-491E-1EF63BEA8961}.Debug|Any CPU.ActiveCfg = Debug|Any CPU
		{E643BBC7-18DF-3FCE-491E-1EF63BEA8961}.Debug|Any CPU.Build.0 = Debug|Any CPU
		{E643BBC7-18DF-3FCE-491E-1EF63BEA8961}.Release|Any CPU.ActiveCfg = Release|Any CPU
		{E643BBC7-18DF-3FCE-491E-1EF63BEA8961}.Release|Any CPU.Build.0 = Release|Any CPU
		{3D0B70A9-29DD-1B0C-2F58-B7A70FB6B90D}.Debug|Any CPU.ActiveCfg = Debug|Any CPU
		{3D0B70A9-29DD-1B0C-2F58-B7A70FB6B90D}.Debug|Any CPU.Build.0 = Debug|Any CPU
		{3D0B70A9-29DD-1B0C-2F58-B7A70FB6B90D}.Release|Any CPU.ActiveCfg = Release|Any CPU
		{3D0B70A9-29DD-1B0C-2F58-B7A70FB6B90D}.Release|Any CPU.Build.0 = Release|Any CPU
		{CC7D08B9-280A-8D55-FB9B-B860D34CC830}.Debug|Any CPU.ActiveCfg = Debug|Any CPU
		{CC7D08B9-280A-8D55-FB9B-B860D34CC830}.Debug|Any CPU.Build.0 = Debug|Any CPU
		{CC7D08B9-280A-8D55-FB9B-B860D34CC830}.Release|Any CPU.ActiveCfg = Release|Any CPU
		{CC7D08B9-280A-8D55-FB9B-B860D34CC830}.Release|Any CPU.Build.0 = Release|Any CPU
		{1AA8354E-0B35-6771-6847-770A0623B74F}.Debug|Any CPU.ActiveCfg = Debug|Any CPU
		{1AA8354E-0B35-6771-6847-770A0623B74F}.Debug|Any CPU.Build.0 = Debug|Any CPU
		{1AA8354E-0B35-6771-6847-770A0623B74F}.Release|Any CPU.ActiveCfg = Release|Any CPU
		{1AA8354E-0B35-6771-6847-770A0623B74F}.Release|Any CPU.Build.0 = Release|Any CPU
		{2031CB61-E7A5-8419-C841-47FD77EC67C5}.Debug|Any CPU.ActiveCfg = Debug|Any CPU
		{2031CB61-E7A5-8419-C841-47FD77EC67C5}.Debug|Any CPU.Build.0 = Debug|Any CPU
		{2031CB61-E7A5-8419-C841-47FD77EC67C5}.Release|Any CPU.ActiveCfg = Release|Any CPU
		{2031CB61-E7A5-8419-C841-47FD77EC67C5}.Release|Any CPU.Build.0 = Release|Any CPU
		{A513BC8D-6A7D-D6C5-EEBE-D27CF600D276}.Debug|Any CPU.ActiveCfg = Debug|Any CPU
		{A513BC8D-6A7D-D6C5-EEBE-D27CF600D276}.Debug|Any CPU.Build.0 = Debug|Any CPU
		{A513BC8D-6A7D-D6C5-EEBE-D27CF600D276}.Release|Any CPU.ActiveCfg = Release|Any CPU
		{A513BC8D-6A7D-D6C5-EEBE-D27CF600D276}.Release|Any CPU.Build.0 = Release|Any CPU
		{C139C8C9-0CFC-8BC2-C72D-63C37F38A38E}.Debug|Any CPU.ActiveCfg = Debug|Any CPU
		{C139C8C9-0CFC-8BC2-C72D-63C37F38A38E}.Debug|Any CPU.Build.0 = Debug|Any CPU
		{C139C8C9-0CFC-8BC2-C72D-63C37F38A38E}.Release|Any CPU.ActiveCfg = Release|Any CPU
		{C139C8C9-0CFC-8BC2-C72D-63C37F38A38E}.Release|Any CPU.Build.0 = Release|Any CPU
		{65504965-51F0-61B5-2CF8-01D2BAEA2790}.Debug|Any CPU.ActiveCfg = Debug|Any CPU
		{65504965-51F0-61B5-2CF8-01D2BAEA2790}.Debug|Any CPU.Build.0 = Debug|Any CPU
		{65504965-51F0-61B5-2CF8-01D2BAEA2790}.Release|Any CPU.ActiveCfg = Release|Any CPU
		{65504965-51F0-61B5-2CF8-01D2BAEA2790}.Release|Any CPU.Build.0 = Release|Any CPU
		{C91528DF-2CE9-B540-FAE9-7105CADF4F7A}.Debug|Any CPU.ActiveCfg = Debug|Any CPU
		{C91528DF-2CE9-B540-FAE9-7105CADF4F7A}.Debug|Any CPU.Build.0 = Debug|Any CPU
		{C91528DF-2CE9-B540-FAE9-7105CADF4F7A}.Release|Any CPU.ActiveCfg = Release|Any CPU
		{C91528DF-2CE9-B540-FAE9-7105CADF4F7A}.Release|Any CPU.Build.0 = Release|Any CPU
		{8A4B0F04-4966-B954-D64D-6FA0826E8901}.Debug|Any CPU.ActiveCfg = Debug|Any CPU
		{8A4B0F04-4966-B954-D64D-6FA0826E8901}.Debug|Any CPU.Build.0 = Debug|Any CPU
		{8A4B0F04-4966-B954-D64D-6FA0826E8901}.Release|Any CPU.ActiveCfg = Release|Any CPU
		{8A4B0F04-4966-B954-D64D-6FA0826E8901}.Release|Any CPU.Build.0 = Release|Any CPU
		{6DA9F3B2-6713-38A5-5108-EA4008A1FB3C}.Debug|Any CPU.ActiveCfg = Debug|Any CPU
		{6DA9F3B2-6713-38A5-5108-EA4008A1FB3C}.Debug|Any CPU.Build.0 = Debug|Any CPU
		{6DA9F3B2-6713-38A5-5108-EA4008A1FB3C}.Release|Any CPU.ActiveCfg = Release|Any CPU
		{6DA9F3B2-6713-38A5-5108-EA4008A1FB3C}.Release|Any CPU.Build.0 = Release|Any CPU
		{7F8AA890-0192-6A8E-BE72-F5705E8D1F14}.Debug|Any CPU.ActiveCfg = Debug|Any CPU
		{7F8AA890-0192-6A8E-BE72-F5705E8D1F14}.Debug|Any CPU.Build.0 = Debug|Any CPU
		{7F8AA890-0192-6A8E-BE72-F5705E8D1F14}.Release|Any CPU.ActiveCfg = Release|Any CPU
		{7F8AA890-0192-6A8E-BE72-F5705E8D1F14}.Release|Any CPU.Build.0 = Release|Any CPU
		{29AF93C6-D5DD-FE3B-0F11-E353756FE9FB}.Debug|Any CPU.ActiveCfg = Debug|Any CPU
		{29AF93C6-D5DD-FE3B-0F11-E353756FE9FB}.Debug|Any CPU.Build.0 = Debug|Any CPU
		{29AF93C6-D5DD-FE3B-0F11-E353756FE9FB}.Release|Any CPU.ActiveCfg = Release|Any CPU
		{29AF93C6-D5DD-FE3B-0F11-E353756FE9FB}.Release|Any CPU.Build.0 = Release|Any CPU
		{58B0CDDD-FB30-4CF1-F8FD-D4A4A540AB07}.Debug|Any CPU.ActiveCfg = Debug|Any CPU
		{58B0CDDD-FB30-4CF1-F8FD-D4A4A540AB07}.Debug|Any CPU.Build.0 = Debug|Any CPU
		{58B0CDDD-FB30-4CF1-F8FD-D4A4A540AB07}.Release|Any CPU.ActiveCfg = Release|Any CPU
		{58B0CDDD-FB30-4CF1-F8FD-D4A4A540AB07}.Release|Any CPU.Build.0 = Release|Any CPU
		{A5A2E480-F463-FE80-10F4-FC692EE9C2E2}.Debug|Any CPU.ActiveCfg = Debug|Any CPU
		{A5A2E480-F463-FE80-10F4-FC692EE9C2E2}.Debug|Any CPU.Build.0 = Debug|Any CPU
		{A5A2E480-F463-FE80-10F4-FC692EE9C2E2}.Release|Any CPU.ActiveCfg = Release|Any CPU
		{A5A2E480-F463-FE80-10F4-FC692EE9C2E2}.Release|Any CPU.Build.0 = Release|Any CPU
		{5498F039-2ECA-7866-E8BD-94FA54776C9C}.Debug|Any CPU.ActiveCfg = Debug|Any CPU
		{5498F039-2ECA-7866-E8BD-94FA54776C9C}.Debug|Any CPU.Build.0 = Debug|Any CPU
		{5498F039-2ECA-7866-E8BD-94FA54776C9C}.Release|Any CPU.ActiveCfg = Release|Any CPU
		{5498F039-2ECA-7866-E8BD-94FA54776C9C}.Release|Any CPU.Build.0 = Release|Any CPU
		{4DDD15EE-5F87-BBB6-2F7B-CD078445F782}.Debug|Any CPU.ActiveCfg = Debug|Any CPU
		{4DDD15EE-5F87-BBB6-2F7B-CD078445F782}.Debug|Any CPU.Build.0 = Debug|Any CPU
		{4DDD15EE-5F87-BBB6-2F7B-CD078445F782}.Release|Any CPU.ActiveCfg = Release|Any CPU
		{4DDD15EE-5F87-BBB6-2F7B-CD078445F782}.Release|Any CPU.Build.0 = Release|Any CPU
		{824857F7-0015-5FD4-AAC2-C55E907C7F24}.Debug|Any CPU.ActiveCfg = Debug|Any CPU
		{824857F7-0015-5FD4-AAC2-C55E907C7F24}.Debug|Any CPU.Build.0 = Debug|Any CPU
		{824857F7-0015-5FD4-AAC2-C55E907C7F24}.Release|Any CPU.ActiveCfg = Release|Any CPU
		{824857F7-0015-5FD4-AAC2-C55E907C7F24}.Release|Any CPU.Build.0 = Release|Any CPU
		{4770FEB3-73F3-D310-4DCA-1F2D0A7D2C3A}.Debug|Any CPU.ActiveCfg = Debug|Any CPU
		{4770FEB3-73F3-D310-4DCA-1F2D0A7D2C3A}.Debug|Any CPU.Build.0 = Debug|Any CPU
		{4770FEB3-73F3-D310-4DCA-1F2D0A7D2C3A}.Release|Any CPU.ActiveCfg = Release|Any CPU
		{4770FEB3-73F3-D310-4DCA-1F2D0A7D2C3A}.Release|Any CPU.Build.0 = Release|Any CPU
		{D1B1BAB2-AA63-C19D-0E89-99D240CDB0B3}.Debug|Any CPU.ActiveCfg = Debug|Any CPU
		{D1B1BAB2-AA63-C19D-0E89-99D240CDB0B3}.Debug|Any CPU.Build.0 = Debug|Any CPU
		{D1B1BAB2-AA63-C19D-0E89-99D240CDB0B3}.Release|Any CPU.ActiveCfg = Release|Any CPU
		{D1B1BAB2-AA63-C19D-0E89-99D240CDB0B3}.Release|Any CPU.Build.0 = Release|Any CPU
		{7BDA2BD8-616A-F7A1-E0F5-836013735456}.Debug|Any CPU.ActiveCfg = Debug|Any CPU
		{7BDA2BD8-616A-F7A1-E0F5-836013735456}.Debug|Any CPU.Build.0 = Debug|Any CPU
		{7BDA2BD8-616A-F7A1-E0F5-836013735456}.Release|Any CPU.ActiveCfg = Release|Any CPU
		{7BDA2BD8-616A-F7A1-E0F5-836013735456}.Release|Any CPU.Build.0 = Release|Any CPU
		{D0419AB9-1FFC-FF1B-D887-D3503353D3B3}.Debug|Any CPU.ActiveCfg = Debug|Any CPU
		{D0419AB9-1FFC-FF1B-D887-D3503353D3B3}.Debug|Any CPU.Build.0 = Debug|Any CPU
		{D0419AB9-1FFC-FF1B-D887-D3503353D3B3}.Release|Any CPU.ActiveCfg = Release|Any CPU
		{D0419AB9-1FFC-FF1B-D887-D3503353D3B3}.Release|Any CPU.Build.0 = Release|Any CPU
		{1617C160-F155-B9B4-F348-9A40934BF16E}.Debug|Any CPU.ActiveCfg = Debug|Any CPU
		{1617C160-F155-B9B4-F348-9A40934BF16E}.Debug|Any CPU.Build.0 = Debug|Any CPU
		{1617C160-F155-B9B4-F348-9A40934BF16E}.Release|Any CPU.ActiveCfg = Release|Any CPU
		{1617C160-F155-B9B4-F348-9A40934BF16E}.Release|Any CPU.Build.0 = Release|Any CPU
		{FCCC7628-9FD8-E2FE-6CEB-7807C7673D35}.Debug|Any CPU.ActiveCfg = Debug|Any CPU
		{FCCC7628-9FD8-E2FE-6CEB-7807C7673D35}.Debug|Any CPU.Build.0 = Debug|Any CPU
		{FCCC7628-9FD8-E2FE-6CEB-7807C7673D35}.Release|Any CPU.ActiveCfg = Release|Any CPU
		{FCCC7628-9FD8-E2FE-6CEB-7807C7673D35}.Release|Any CPU.Build.0 = Release|Any CPU
		{1EE1190E-24C7-0804-308C-9D336EC3D0D3}.Debug|Any CPU.ActiveCfg = Debug|Any CPU
		{1EE1190E-24C7-0804-308C-9D336EC3D0D3}.Debug|Any CPU.Build.0 = Debug|Any CPU
		{1EE1190E-24C7-0804-308C-9D336EC3D0D3}.Release|Any CPU.ActiveCfg = Release|Any CPU
		{1EE1190E-24C7-0804-308C-9D336EC3D0D3}.Release|Any CPU.Build.0 = Release|Any CPU
		{B728BA6F-BB4A-66B9-57A2-597CAD6A31B0}.Debug|Any CPU.ActiveCfg = Debug|Any CPU
		{B728BA6F-BB4A-66B9-57A2-597CAD6A31B0}.Debug|Any CPU.Build.0 = Debug|Any CPU
		{B728BA6F-BB4A-66B9-57A2-597CAD6A31B0}.Release|Any CPU.ActiveCfg = Release|Any CPU
		{B728BA6F-BB4A-66B9-57A2-597CAD6A31B0}.Release|Any CPU.Build.0 = Release|Any CPU
		{01017303-DEAE-E42C-8E26-B5577DF6D024}.Debug|Any CPU.ActiveCfg = Debug|Any CPU
		{01017303-DEAE-E42C-8E26-B5577DF6D024}.Debug|Any CPU.Build.0 = Debug|Any CPU
		{01017303-DEAE-E42C-8E26-B5577DF6D024}.Release|Any CPU.ActiveCfg = Release|Any CPU
		{01017303-DEAE-E42C-8E26-B5577DF6D024}.Release|Any CPU.Build.0 = Release|Any CPU
		{B3BBBDEE-47DD-1555-63BD-AD1BA97040F3}.Debug|Any CPU.ActiveCfg = Debug|Any CPU
		{B3BBBDEE-47DD-1555-63BD-AD1BA97040F3}.Debug|Any CPU.Build.0 = Debug|Any CPU
		{B3BBBDEE-47DD-1555-63BD-AD1BA97040F3}.Release|Any CPU.ActiveCfg = Release|Any CPU
		{B3BBBDEE-47DD-1555-63BD-AD1BA97040F3}.Release|Any CPU.Build.0 = Release|Any CPU
		{A9AE1D17-8DC4-CBD7-FEA2-7D2962DFC117}.Debug|Any CPU.ActiveCfg = Debug|Any CPU
		{A9AE1D17-8DC4-CBD7-FEA2-7D2962DFC117}.Debug|Any CPU.Build.0 = Debug|Any CPU
		{A9AE1D17-8DC4-CBD7-FEA2-7D2962DFC117}.Release|Any CPU.ActiveCfg = Release|Any CPU
		{A9AE1D17-8DC4-CBD7-FEA2-7D2962DFC117}.Release|Any CPU.Build.0 = Release|Any CPU
		{869883E1-F22E-F1EC-A2D5-E5A510CBE62C}.Debug|Any CPU.ActiveCfg = Debug|Any CPU
		{869883E1-F22E-F1EC-A2D5-E5A510CBE62C}.Debug|Any CPU.Build.0 = Debug|Any CPU
		{869883E1-F22E-F1EC-A2D5-E5A510CBE62C}.Release|Any CPU.ActiveCfg = Release|Any CPU
		{869883E1-F22E-F1EC-A2D5-E5A510CBE62C}.Release|Any CPU.Build.0 = Release|Any CPU
		{1967DBFB-295A-2776-F6CD-4F0FB9791205}.Debug|Any CPU.ActiveCfg = Debug|Any CPU
		{1967DBFB-295A-2776-F6CD-4F0FB9791205}.Debug|Any CPU.Build.0 = Debug|Any CPU
		{1967DBFB-295A-2776-F6CD-4F0FB9791205}.Release|Any CPU.ActiveCfg = Release|Any CPU
		{1967DBFB-295A-2776-F6CD-4F0FB9791205}.Release|Any CPU.Build.0 = Release|Any CPU
		{2E7F8196-BE9C-D74D-ABB7-61CE1386B248}.Debug|Any CPU.ActiveCfg = Debug|Any CPU
		{2E7F8196-BE9C-D74D-ABB7-61CE1386B248}.Debug|Any CPU.Build.0 = Debug|Any CPU
		{2E7F8196-BE9C-D74D-ABB7-61CE1386B248}.Release|Any CPU.ActiveCfg = Release|Any CPU
		{2E7F8196-BE9C-D74D-ABB7-61CE1386B248}.Release|Any CPU.Build.0 = Release|Any CPU
		{043D6158-5BCD-9A13-1DEA-1DE4FC299976}.Debug|Any CPU.ActiveCfg = Debug|Any CPU
		{043D6158-5BCD-9A13-1DEA-1DE4FC299976}.Debug|Any CPU.Build.0 = Debug|Any CPU
		{043D6158-5BCD-9A13-1DEA-1DE4FC299976}.Release|Any CPU.ActiveCfg = Release|Any CPU
		{043D6158-5BCD-9A13-1DEA-1DE4FC299976}.Release|Any CPU.Build.0 = Release|Any CPU
		{F448F585-1029-85C8-CC63-EF5007046CCC}.Debug|Any CPU.ActiveCfg = Debug|Any CPU
		{F448F585-1029-85C8-CC63-EF5007046CCC}.Debug|Any CPU.Build.0 = Debug|Any CPU
		{F448F585-1029-85C8-CC63-EF5007046CCC}.Release|Any CPU.ActiveCfg = Release|Any CPU
		{F448F585-1029-85C8-CC63-EF5007046CCC}.Release|Any CPU.Build.0 = Release|Any CPU
		{CE6D1B6F-1922-0B99-10B9-BCC53CE97DEA}.Debug|Any CPU.ActiveCfg = Debug|Any CPU
		{CE6D1B6F-1922-0B99-10B9-BCC53CE97DEA}.Debug|Any CPU.Build.0 = Debug|Any CPU
		{CE6D1B6F-1922-0B99-10B9-BCC53CE97DEA}.Release|Any CPU.ActiveCfg = Release|Any CPU
		{CE6D1B6F-1922-0B99-10B9-BCC53CE97DEA}.Release|Any CPU.Build.0 = Release|Any CPU
		{94EEF887-34DF-3806-4291-EA76F53EEBA8}.Debug|Any CPU.ActiveCfg = Debug|Any CPU
		{94EEF887-34DF-3806-4291-EA76F53EEBA8}.Debug|Any CPU.Build.0 = Debug|Any CPU
		{94EEF887-34DF-3806-4291-EA76F53EEBA8}.Release|Any CPU.ActiveCfg = Release|Any CPU
		{94EEF887-34DF-3806-4291-EA76F53EEBA8}.Release|Any CPU.Build.0 = Release|Any CPU
		{3ACE2B90-C35B-5BFE-A40B-69B477AD26D7}.Debug|Any CPU.ActiveCfg = Debug|Any CPU
		{3ACE2B90-C35B-5BFE-A40B-69B477AD26D7}.Debug|Any CPU.Build.0 = Debug|Any CPU
		{3ACE2B90-C35B-5BFE-A40B-69B477AD26D7}.Release|Any CPU.ActiveCfg = Release|Any CPU
		{3ACE2B90-C35B-5BFE-A40B-69B477AD26D7}.Release|Any CPU.Build.0 = Release|Any CPU
		{EDB6660D-B9C7-A517-04B0-47261002BDA8}.Debug|Any CPU.ActiveCfg = Debug|Any CPU
		{EDB6660D-B9C7-A517-04B0-47261002BDA8}.Debug|Any CPU.Build.0 = Debug|Any CPU
		{EDB6660D-B9C7-A517-04B0-47261002BDA8}.Release|Any CPU.ActiveCfg = Release|Any CPU
		{EDB6660D-B9C7-A517-04B0-47261002BDA8}.Release|Any CPU.Build.0 = Release|Any CPU
		{09A85EA6-122E-E60C-96C9-9DDF4BBCFC7F}.Debug|Any CPU.ActiveCfg = Debug|Any CPU
		{09A85EA6-122E-E60C-96C9-9DDF4BBCFC7F}.Debug|Any CPU.Build.0 = Debug|Any CPU
		{09A85EA6-122E-E60C-96C9-9DDF4BBCFC7F}.Release|Any CPU.ActiveCfg = Release|Any CPU
		{09A85EA6-122E-E60C-96C9-9DDF4BBCFC7F}.Release|Any CPU.Build.0 = Release|Any CPU
		{6323163C-DAD5-7E4F-B1D5-FFC308C57AE6}.Debug|Any CPU.ActiveCfg = Debug|Any CPU
		{6323163C-DAD5-7E4F-B1D5-FFC308C57AE6}.Debug|Any CPU.Build.0 = Debug|Any CPU
		{6323163C-DAD5-7E4F-B1D5-FFC308C57AE6}.Release|Any CPU.ActiveCfg = Release|Any CPU
		{6323163C-DAD5-7E4F-B1D5-FFC308C57AE6}.Release|Any CPU.Build.0 = Release|Any CPU
	EndGlobalSection
	GlobalSection(SolutionProperties) = preSolution
		HideSolutionNode = FALSE
	EndGlobalSection
EndGlobal
